// !$*UTF8*$!
{
	archiveVersion = 1;
	classes = {
	};
	objectVersion = 56;
	objects = {

/* Begin PBXBuildFile section */
		041076872AE2391B009761D2 /* Double+Extension.swift in Sources */ = {isa = PBXBuildFile; fileRef = 041076862AE2391B009761D2 /* Double+Extension.swift */; };
		041076892AE25535009761D2 /* AppDelegate+Extension.swift in Sources */ = {isa = PBXBuildFile; fileRef = 041076882AE25535009761D2 /* AppDelegate+Extension.swift */; };
		0410768C2AE26CEF009761D2 /* TimeRecordCell.swift in Sources */ = {isa = PBXBuildFile; fileRef = 0410768B2AE26CEF009761D2 /* TimeRecordCell.swift */; };
		0410768E2AE277E8009761D2 /* RecordsModel.swift in Sources */ = {isa = PBXBuildFile; fileRef = 0410768D2AE277E8009761D2 /* RecordsModel.swift */; };
		041076902AE27A1A009761D2 /* DateUtility.swift in Sources */ = {isa = PBXBuildFile; fileRef = 0410768F2AE27A1A009761D2 /* DateUtility.swift */; };
		041076922AE27A4C009761D2 /* Constants.swift in Sources */ = {isa = PBXBuildFile; fileRef = 041076912AE27A4B009761D2 /* Constants.swift */; };
		04802BD32AD82B6900167474 /* AppDelegate.swift in Sources */ = {isa = PBXBuildFile; fileRef = 04802BD22AD82B6900167474 /* AppDelegate.swift */; };
		04802BD52AD82B6900167474 /* ViewController.swift in Sources */ = {isa = PBXBuildFile; fileRef = 04802BD42AD82B6900167474 /* ViewController.swift */; };
		04802BD72AD82B6A00167474 /* Assets.xcassets in Resources */ = {isa = PBXBuildFile; fileRef = 04802BD62AD82B6A00167474 /* Assets.xcassets */; };
		04802BDA2AD82B6A00167474 /* Main.storyboard in Resources */ = {isa = PBXBuildFile; fileRef = 04802BD82AD82B6A00167474 /* Main.storyboard */; };
/* End PBXBuildFile section */

/* Begin PBXFileReference section */
		041076862AE2391B009761D2 /* Double+Extension.swift */ = {isa = PBXFileReference; lastKnownFileType = sourcecode.swift; path = "Double+Extension.swift"; sourceTree = "<group>"; };
		041076882AE25535009761D2 /* AppDelegate+Extension.swift */ = {isa = PBXFileReference; lastKnownFileType = sourcecode.swift; path = "AppDelegate+Extension.swift"; sourceTree = "<group>"; };
		0410768B2AE26CEF009761D2 /* TimeRecordCell.swift */ = {isa = PBXFileReference; lastKnownFileType = sourcecode.swift; path = TimeRecordCell.swift; sourceTree = "<group>"; };
		0410768D2AE277E8009761D2 /* RecordsModel.swift */ = {isa = PBXFileReference; lastKnownFileType = sourcecode.swift; path = RecordsModel.swift; sourceTree = "<group>"; };
		0410768F2AE27A1A009761D2 /* DateUtility.swift */ = {isa = PBXFileReference; fileEncoding = 4; lastKnownFileType = sourcecode.swift; path = DateUtility.swift; sourceTree = "<group>"; };
		041076912AE27A4B009761D2 /* Constants.swift */ = {isa = PBXFileReference; fileEncoding = 4; lastKnownFileType = sourcecode.swift; path = Constants.swift; sourceTree = "<group>"; };
		04802BCF2AD82B6900167474 /* RecordIt.app */ = {isa = PBXFileReference; explicitFileType = wrapper.application; includeInIndex = 0; path = RecordIt.app; sourceTree = BUILT_PRODUCTS_DIR; };
		04802BD22AD82B6900167474 /* AppDelegate.swift */ = {isa = PBXFileReference; lastKnownFileType = sourcecode.swift; path = AppDelegate.swift; sourceTree = "<group>"; };
		04802BD42AD82B6900167474 /* ViewController.swift */ = {isa = PBXFileReference; lastKnownFileType = sourcecode.swift; path = ViewController.swift; sourceTree = "<group>"; };
		04802BD62AD82B6A00167474 /* Assets.xcassets */ = {isa = PBXFileReference; lastKnownFileType = folder.assetcatalog; path = Assets.xcassets; sourceTree = "<group>"; };
		04802BD92AD82B6A00167474 /* Base */ = {isa = PBXFileReference; lastKnownFileType = file.storyboard; name = Base; path = Base.lproj/Main.storyboard; sourceTree = "<group>"; };
		04802BDB2AD82B6A00167474 /* RecordIt.entitlements */ = {isa = PBXFileReference; lastKnownFileType = text.plist.entitlements; path = RecordIt.entitlements; sourceTree = "<group>"; };
/* End PBXFileReference section */

/* Begin PBXFrameworksBuildPhase section */
		04802BCC2AD82B6900167474 /* Frameworks */ = {
			isa = PBXFrameworksBuildPhase;
			buildActionMask = 2147483647;
			files = (
			);
			runOnlyForDeploymentPostprocessing = 0;
		};
/* End PBXFrameworksBuildPhase section */

/* Begin PBXGroup section */
		0410768A2AE26C9F009761D2 /* View */ = {
			isa = PBXGroup;
			children = (
				041076982AE282EE009761D2 /* Storyboard */,
				041076932AE2828E009761D2 /* TableCell */,
			);
			path = View;
			sourceTree = "<group>";
		};
		041076932AE2828E009761D2 /* TableCell */ = {
			isa = PBXGroup;
			children = (
				0410768B2AE26CEF009761D2 /* TimeRecordCell.swift */,
			);
			path = TableCell;
			sourceTree = "<group>";
		};
		041076942AE2829C009761D2 /* Controller */ = {
			isa = PBXGroup;
			children = (
				04802BD42AD82B6900167474 /* ViewController.swift */,
			);
			path = Controller;
			sourceTree = "<group>";
		};
		041076952AE282BC009761D2 /* Utilities */ = {
			isa = PBXGroup;
			children = (
				0410768F2AE27A1A009761D2 /* DateUtility.swift */,
			);
			path = Utilities;
			sourceTree = "<group>";
		};
		041076962AE282D2009761D2 /* Constants */ = {
			isa = PBXGroup;
			children = (
				041076912AE27A4B009761D2 /* Constants.swift */,
			);
			path = Constants;
			sourceTree = "<group>";
		};
		041076972AE282DF009761D2 /* Model */ = {
			isa = PBXGroup;
			children = (
				0410768D2AE277E8009761D2 /* RecordsModel.swift */,
			);
			path = Model;
			sourceTree = "<group>";
		};
		041076982AE282EE009761D2 /* Storyboard */ = {
			isa = PBXGroup;
			children = (
				04802BD82AD82B6A00167474 /* Main.storyboard */,
			);
			path = Storyboard;
			sourceTree = "<group>";
		};
		041076992AE28301009761D2 /* Extensions */ = {
			isa = PBXGroup;
			children = (
				041076862AE2391B009761D2 /* Double+Extension.swift */,
			);
			path = Extensions;
			sourceTree = "<group>";
		};
		0410769A2AE28314009761D2 /* AppDelegate */ = {
			isa = PBXGroup;
			children = (
				04802BD22AD82B6900167474 /* AppDelegate.swift */,
				041076882AE25535009761D2 /* AppDelegate+Extension.swift */,
			);
			path = AppDelegate;
			sourceTree = "<group>";
		};
		04802BC62AD82B6900167474 = {
			isa = PBXGroup;
			children = (
				04802BD12AD82B6900167474 /* RecordIt */,
				04802BD02AD82B6900167474 /* Products */,
			);
			sourceTree = "<group>";
		};
		04802BD02AD82B6900167474 /* Products */ = {
			isa = PBXGroup;
			children = (
				04802BCF2AD82B6900167474 /* RecordIt.app */,
			);
			name = Products;
			sourceTree = "<group>";
		};
		04802BD12AD82B6900167474 /* RecordIt */ = {
			isa = PBXGroup;
			children = (
				0410769A2AE28314009761D2 /* AppDelegate */,
				041076972AE282DF009761D2 /* Model */,
				0410768A2AE26C9F009761D2 /* View */,
				041076942AE2829C009761D2 /* Controller */,
				041076952AE282BC009761D2 /* Utilities */,
				041076962AE282D2009761D2 /* Constants */,
				041076992AE28301009761D2 /* Extensions */,
				04802BD62AD82B6A00167474 /* Assets.xcassets */,
				04802BDB2AD82B6A00167474 /* RecordIt.entitlements */,
			);
			path = RecordIt;
			sourceTree = "<group>";
		};
/* End PBXGroup section */

/* Begin PBXNativeTarget section */
		04802BCE2AD82B6900167474 /* RecordIt */ = {
			isa = PBXNativeTarget;
			buildConfigurationList = 04802BDE2AD82B6A00167474 /* Build configuration list for PBXNativeTarget "RecordIt" */;
			buildPhases = (
				04802BCB2AD82B6900167474 /* Sources */,
				04802BCC2AD82B6900167474 /* Frameworks */,
				04802BCD2AD82B6900167474 /* Resources */,
			);
			buildRules = (
			);
			dependencies = (
			);
			name = RecordIt;
			productName = RecordIt;
			productReference = 04802BCF2AD82B6900167474 /* RecordIt.app */;
			productType = "com.apple.product-type.application";
		};
/* End PBXNativeTarget section */

/* Begin PBXProject section */
		04802BC72AD82B6900167474 /* Project object */ = {
			isa = PBXProject;
			attributes = {
				BuildIndependentTargetsInParallel = 1;
				LastSwiftUpdateCheck = 1500;
				LastUpgradeCheck = 1500;
				TargetAttributes = {
					04802BCE2AD82B6900167474 = {
						CreatedOnToolsVersion = 15.0;
					};
				};
			};
			buildConfigurationList = 04802BCA2AD82B6900167474 /* Build configuration list for PBXProject "RecordIt" */;
			compatibilityVersion = "Xcode 14.0";
			developmentRegion = en;
			hasScannedForEncodings = 0;
			knownRegions = (
				en,
				Base,
			);
			mainGroup = 04802BC62AD82B6900167474;
			productRefGroup = 04802BD02AD82B6900167474 /* Products */;
			projectDirPath = "";
			projectRoot = "";
			targets = (
				04802BCE2AD82B6900167474 /* RecordIt */,
			);
		};
/* End PBXProject section */

/* Begin PBXResourcesBuildPhase section */
		04802BCD2AD82B6900167474 /* Resources */ = {
			isa = PBXResourcesBuildPhase;
			buildActionMask = 2147483647;
			files = (
				04802BD72AD82B6A00167474 /* Assets.xcassets in Resources */,
				04802BDA2AD82B6A00167474 /* Main.storyboard in Resources */,
			);
			runOnlyForDeploymentPostprocessing = 0;
		};
/* End PBXResourcesBuildPhase section */

/* Begin PBXSourcesBuildPhase section */
		04802BCB2AD82B6900167474 /* Sources */ = {
			isa = PBXSourcesBuildPhase;
			buildActionMask = 2147483647;
			files = (
				0410768C2AE26CEF009761D2 /* TimeRecordCell.swift in Sources */,
				04802BD52AD82B6900167474 /* ViewController.swift in Sources */,
				0410768E2AE277E8009761D2 /* RecordsModel.swift in Sources */,
				041076902AE27A1A009761D2 /* DateUtility.swift in Sources */,
				04802BD32AD82B6900167474 /* AppDelegate.swift in Sources */,
				041076892AE25535009761D2 /* AppDelegate+Extension.swift in Sources */,
				041076872AE2391B009761D2 /* Double+Extension.swift in Sources */,
				041076922AE27A4C009761D2 /* Constants.swift in Sources */,
			);
			runOnlyForDeploymentPostprocessing = 0;
		};
/* End PBXSourcesBuildPhase section */

/* Begin PBXVariantGroup section */
		04802BD82AD82B6A00167474 /* Main.storyboard */ = {
			isa = PBXVariantGroup;
			children = (
				04802BD92AD82B6A00167474 /* Base */,
			);
			name = Main.storyboard;
			sourceTree = "<group>";
		};
/* End PBXVariantGroup section */

/* Begin XCBuildConfiguration section */
		04802BDC2AD82B6A00167474 /* Debug */ = {
			isa = XCBuildConfiguration;
			buildSettings = {
				ALWAYS_SEARCH_USER_PATHS = NO;
				ASSETCATALOG_COMPILER_GENERATE_SWIFT_ASSET_SYMBOL_EXTENSIONS = YES;
				CLANG_ANALYZER_NONNULL = YES;
				CLANG_ANALYZER_NUMBER_OBJECT_CONVERSION = YES_AGGRESSIVE;
				CLANG_CXX_LANGUAGE_STANDARD = "gnu++20";
				CLANG_ENABLE_MODULES = YES;
				CLANG_ENABLE_OBJC_ARC = YES;
				CLANG_ENABLE_OBJC_WEAK = YES;
				CLANG_WARN_BLOCK_CAPTURE_AUTORELEASING = YES;
				CLANG_WARN_BOOL_CONVERSION = YES;
				CLANG_WARN_COMMA = YES;
				CLANG_WARN_CONSTANT_CONVERSION = YES;
				CLANG_WARN_DEPRECATED_OBJC_IMPLEMENTATIONS = YES;
				CLANG_WARN_DIRECT_OBJC_ISA_USAGE = YES_ERROR;
				CLANG_WARN_DOCUMENTATION_COMMENTS = YES;
				CLANG_WARN_EMPTY_BODY = YES;
				CLANG_WARN_ENUM_CONVERSION = YES;
				CLANG_WARN_INFINITE_RECURSION = YES;
				CLANG_WARN_INT_CONVERSION = YES;
				CLANG_WARN_NON_LITERAL_NULL_CONVERSION = YES;
				CLANG_WARN_OBJC_IMPLICIT_RETAIN_SELF = YES;
				CLANG_WARN_OBJC_LITERAL_CONVERSION = YES;
				CLANG_WARN_OBJC_ROOT_CLASS = YES_ERROR;
				CLANG_WARN_QUOTED_INCLUDE_IN_FRAMEWORK_HEADER = YES;
				CLANG_WARN_RANGE_LOOP_ANALYSIS = YES;
				CLANG_WARN_STRICT_PROTOTYPES = YES;
				CLANG_WARN_SUSPICIOUS_MOVE = YES;
				CLANG_WARN_UNGUARDED_AVAILABILITY = YES_AGGRESSIVE;
				CLANG_WARN_UNREACHABLE_CODE = YES;
				CLANG_WARN__DUPLICATE_METHOD_MATCH = YES;
				COPY_PHASE_STRIP = NO;
				DEBUG_INFORMATION_FORMAT = dwarf;
				ENABLE_STRICT_OBJC_MSGSEND = YES;
				ENABLE_TESTABILITY = YES;
				ENABLE_USER_SCRIPT_SANDBOXING = YES;
				GCC_C_LANGUAGE_STANDARD = gnu17;
				GCC_DYNAMIC_NO_PIC = NO;
				GCC_NO_COMMON_BLOCKS = YES;
				GCC_OPTIMIZATION_LEVEL = 0;
				GCC_PREPROCESSOR_DEFINITIONS = (
					"DEBUG=1",
					"$(inherited)",
				);
				GCC_WARN_64_TO_32_BIT_CONVERSION = YES;
				GCC_WARN_ABOUT_RETURN_TYPE = YES_ERROR;
				GCC_WARN_UNDECLARED_SELECTOR = YES;
				GCC_WARN_UNINITIALIZED_AUTOS = YES_AGGRESSIVE;
				GCC_WARN_UNUSED_FUNCTION = YES;
				GCC_WARN_UNUSED_VARIABLE = YES;
				LOCALIZATION_PREFERS_STRING_CATALOGS = YES;
				MACOSX_DEPLOYMENT_TARGET = 14.0;
				MTL_ENABLE_DEBUG_INFO = INCLUDE_SOURCE;
				MTL_FAST_MATH = YES;
				ONLY_ACTIVE_ARCH = YES;
				SDKROOT = macosx;
				SWIFT_ACTIVE_COMPILATION_CONDITIONS = "DEBUG $(inherited)";
				SWIFT_OPTIMIZATION_LEVEL = "-Onone";
			};
			name = Debug;
		};
		04802BDD2AD82B6A00167474 /* Release */ = {
			isa = XCBuildConfiguration;
			buildSettings = {
				ALWAYS_SEARCH_USER_PATHS = NO;
				ASSETCATALOG_COMPILER_GENERATE_SWIFT_ASSET_SYMBOL_EXTENSIONS = YES;
				CLANG_ANALYZER_NONNULL = YES;
				CLANG_ANALYZER_NUMBER_OBJECT_CONVERSION = YES_AGGRESSIVE;
				CLANG_CXX_LANGUAGE_STANDARD = "gnu++20";
				CLANG_ENABLE_MODULES = YES;
				CLANG_ENABLE_OBJC_ARC = YES;
				CLANG_ENABLE_OBJC_WEAK = YES;
				CLANG_WARN_BLOCK_CAPTURE_AUTORELEASING = YES;
				CLANG_WARN_BOOL_CONVERSION = YES;
				CLANG_WARN_COMMA = YES;
				CLANG_WARN_CONSTANT_CONVERSION = YES;
				CLANG_WARN_DEPRECATED_OBJC_IMPLEMENTATIONS = YES;
				CLANG_WARN_DIRECT_OBJC_ISA_USAGE = YES_ERROR;
				CLANG_WARN_DOCUMENTATION_COMMENTS = YES;
				CLANG_WARN_EMPTY_BODY = YES;
				CLANG_WARN_ENUM_CONVERSION = YES;
				CLANG_WARN_INFINITE_RECURSION = YES;
				CLANG_WARN_INT_CONVERSION = YES;
				CLANG_WARN_NON_LITERAL_NULL_CONVERSION = YES;
				CLANG_WARN_OBJC_IMPLICIT_RETAIN_SELF = YES;
				CLANG_WARN_OBJC_LITERAL_CONVERSION = YES;
				CLANG_WARN_OBJC_ROOT_CLASS = YES_ERROR;
				CLANG_WARN_QUOTED_INCLUDE_IN_FRAMEWORK_HEADER = YES;
				CLANG_WARN_RANGE_LOOP_ANALYSIS = YES;
				CLANG_WARN_STRICT_PROTOTYPES = YES;
				CLANG_WARN_SUSPICIOUS_MOVE = YES;
				CLANG_WARN_UNGUARDED_AVAILABILITY = YES_AGGRESSIVE;
				CLANG_WARN_UNREACHABLE_CODE = YES;
				CLANG_WARN__DUPLICATE_METHOD_MATCH = YES;
				COPY_PHASE_STRIP = NO;
				DEBUG_INFORMATION_FORMAT = "dwarf-with-dsym";
				ENABLE_NS_ASSERTIONS = NO;
				ENABLE_STRICT_OBJC_MSGSEND = YES;
				ENABLE_USER_SCRIPT_SANDBOXING = YES;
				GCC_C_LANGUAGE_STANDARD = gnu17;
				GCC_NO_COMMON_BLOCKS = YES;
				GCC_WARN_64_TO_32_BIT_CONVERSION = YES;
				GCC_WARN_ABOUT_RETURN_TYPE = YES_ERROR;
				GCC_WARN_UNDECLARED_SELECTOR = YES;
				GCC_WARN_UNINITIALIZED_AUTOS = YES_AGGRESSIVE;
				GCC_WARN_UNUSED_FUNCTION = YES;
				GCC_WARN_UNUSED_VARIABLE = YES;
				LOCALIZATION_PREFERS_STRING_CATALOGS = YES;
				MACOSX_DEPLOYMENT_TARGET = 14.0;
				MTL_ENABLE_DEBUG_INFO = NO;
				MTL_FAST_MATH = YES;
				SDKROOT = macosx;
				SWIFT_COMPILATION_MODE = wholemodule;
			};
			name = Release;
		};
		04802BDF2AD82B6A00167474 /* Debug */ = {
			isa = XCBuildConfiguration;
			buildSettings = {
				ASSETCATALOG_COMPILER_APPICON_NAME = AppIcon;
				ASSETCATALOG_COMPILER_GLOBAL_ACCENT_COLOR_NAME = AccentColor;
				CODE_SIGN_ENTITLEMENTS = RecordIt/RecordIt.entitlements;
				CODE_SIGN_STYLE = Automatic;
				COMBINE_HIDPI_IMAGES = YES;
				CURRENT_PROJECT_VERSION = 1;
				DEVELOPMENT_TEAM = CKZ67425MJ;
				ENABLE_HARDENED_RUNTIME = YES;
				GENERATE_INFOPLIST_FILE = YES;
				INFOPLIST_KEY_NSHumanReadableCopyright = "";
				INFOPLIST_KEY_NSMainStoryboardFile = Main;
				INFOPLIST_KEY_NSPrincipalClass = NSApplication;
				LD_RUNPATH_SEARCH_PATHS = (
					"$(inherited)",
					"@executable_path/../Frameworks",
				);
				MARKETING_VERSION = 1.0;
				PRODUCT_BUNDLE_IDENTIFIER = com.app.RecordIt;
				PRODUCT_NAME = "$(TARGET_NAME)";
				SWIFT_EMIT_LOC_STRINGS = YES;
				SWIFT_VERSION = 5.0;
			};
			name = Debug;
		};
		04802BE02AD82B6A00167474 /* Release */ = {
			isa = XCBuildConfiguration;
			buildSettings = {
				ASSETCATALOG_COMPILER_APPICON_NAME = AppIcon;
				ASSETCATALOG_COMPILER_GLOBAL_ACCENT_COLOR_NAME = AccentColor;
				CODE_SIGN_ENTITLEMENTS = RecordIt/RecordIt.entitlements;
				CODE_SIGN_STYLE = Automatic;
				COMBINE_HIDPI_IMAGES = YES;
				CURRENT_PROJECT_VERSION = 1;
				DEVELOPMENT_TEAM = CKZ67425MJ;
				ENABLE_HARDENED_RUNTIME = YES;
				GENERATE_INFOPLIST_FILE = YES;
				INFOPLIST_KEY_NSHumanReadableCopyright = "";
				INFOPLIST_KEY_NSMainStoryboardFile = Main;
				INFOPLIST_KEY_NSPrincipalClass = NSApplication;
				LD_RUNPATH_SEARCH_PATHS = (
					"$(inherited)",
					"@executable_path/../Frameworks",
				);
				MARKETING_VERSION = 1.0;
				PRODUCT_BUNDLE_IDENTIFIER = com.app.RecordIt;
				PRODUCT_NAME = "$(TARGET_NAME)";
				SWIFT_EMIT_LOC_STRINGS = YES;
				SWIFT_VERSION = 5.0;
			};
			name = Release;
		};
/* End XCBuildConfiguration section */

/* Begin XCConfigurationList section */
		04802BCA2AD82B6900167474 /* Build configuration list for PBXProject "RecordIt" */ = {
			isa = XCConfigurationList;
			buildConfigurations = (
				04802BDC2AD82B6A00167474 /* Debug */,
				04802BDD2AD82B6A00167474 /* Release */,
			);
			defaultConfigurationIsVisible = 0;
			defaultConfigurationName = Release;
		};
		04802BDE2AD82B6A00167474 /* Build configuration list for PBXNativeTarget "RecordIt" */ = {
			isa = XCConfigurationList;
			buildConfigurations = (
				04802BDF2AD82B6A00167474 /* Debug */,
				04802BE02AD82B6A00167474 /* Release */,
			);
			defaultConfigurationIsVisible = 0;
			defaultConfigurationName = Release;
		};
/* End XCConfigurationList section */
	};
	rootObject = 04802BC72AD82B6900167474 /* Project object */;
}
